{
  "name": "@synpress-io/synpress-examples",
  "version": "1.0.0",
  "lockfileVersion": 3,
  "requires": true,
  "packages": {
    "": {
      "name": "@synpress-io/synpress-examples",
      "version": "1.0.0",
      "license": "MIT",
      "dependencies": {
        "@metamask/test-dapp": "^7.0.1"
      }
    },
    "node_modules/@metamask/test-dapp": {
      "version": "7.3.1",
      "resolved": "https://registry.npmjs.org/@metamask/test-dapp/-/test-dapp-7.3.1.tgz",
      "integrity": "sha512-uQ+GoiARmol07d0QWDdgfLBaG9Wv3l612ZSjHqBNooPOIf44S9ksqU214KWXtZvq1u902QjKdBH2ujDTI1iOCA==",
      "license": "MIT",
      "engines": {
        "node": ">= 16.0.0"
      }
    }
  }
}
